{
  "name": "log-parser",
  "version": "1.0.0",
  "lockfileVersion": 1,
  "requires": true,
  "dependencies": {
    "outlawdesigns.io.accesslogparser": {
      "version": "1.0.2",
      "resolved": "https://registry.npmjs.org/outlawdesigns.io.accesslogparser/-/outlawdesigns.io.accesslogparser-1.0.2.tgz",
      "integrity": "sha512-dh4a11Rm16Ubc4w87zzy0DkRzgSWml328hKoKUMDRxCuI9NkkmWjihF5SlmSqivgmSt4De1KxWPv0ANon6qD2w==",
      "requires": {
        "parse-user-agent": "^1.1.1"
      }
    },
    "parse-user-agent": {
      "version": "1.1.2",
      "resolved": "https://registry.npmjs.org/parse-user-agent/-/parse-user-agent-1.1.2.tgz",
      "integrity": "sha512-u/SYLJDqmETQ9xjk45uvagSfddi29gMBWNn98hsNAZl1uyVb+tZ+qYqFgU0eoMheShaLrmu7nZZLY+wuzb9kFw=="
    }
  }
}
