{
  "name": "log-parser",
  "version": "1.0.0",
  "lockfileVersion": 1,
  "requires": true,
  "dependencies": {
    "maxmind": {
      "version": "4.3.6",
      "resolved": "https://registry.npmjs.org/maxmind/-/maxmind-4.3.6.tgz",
      "integrity": "sha512-CwnEZqJX0T6b2rWrc0/V3n9hL/hWAMEn7fY09077YJUHiHx7cn/esA2ZIz8BpYLSJUf7cGVel0oUJa9jMwyQpg==",
      "requires": {
        "mmdb-lib": "2.0.2",
        "tiny-lru": "8.0.2"
      }
    },
    "mmdb-lib": {
      "version": "2.0.2",
      "resolved": "https://registry.npmjs.org/mmdb-lib/-/mmdb-lib-2.0.2.tgz",
      "integrity": "sha512-shi1I+fCPQonhTi7qyb6hr7hi87R7YS69FlfJiMFuJ12+grx0JyL56gLNzGTYXPU7EhAPkMLliGeyHer0K+AVA=="
    },
    "outlawdesigns.io.accesslogparser": {
      "version": "1.0.2",
      "resolved": "https://registry.npmjs.org/outlawdesigns.io.accesslogparser/-/outlawdesigns.io.accesslogparser-1.0.2.tgz",
      "integrity": "sha512-dh4a11Rm16Ubc4w87zzy0DkRzgSWml328hKoKUMDRxCuI9NkkmWjihF5SlmSqivgmSt4De1KxWPv0ANon6qD2w==",
      "requires": {
        "parse-user-agent": "^1.1.1"
      }
    },
    "parse-user-agent": {
      "version": "1.1.2",
      "resolved": "https://registry.npmjs.org/parse-user-agent/-/parse-user-agent-1.1.2.tgz",
      "integrity": "sha512-u/SYLJDqmETQ9xjk45uvagSfddi29gMBWNn98hsNAZl1uyVb+tZ+qYqFgU0eoMheShaLrmu7nZZLY+wuzb9kFw=="
    },
    "tiny-lru": {
      "version": "8.0.2",
      "resolved": "https://registry.npmjs.org/tiny-lru/-/tiny-lru-8.0.2.tgz",
      "integrity": "sha512-ApGvZ6vVvTNdsmt676grvCkUCGwzG9IqXma5Z07xJgiC5L7akUMof5U8G2JTI9Rz/ovtVhJBlY6mNhEvtjzOIg=="
    },
    "ua-parser-js": {
      "version": "1.0.2",
      "resolved": "https://registry.npmjs.org/ua-parser-js/-/ua-parser-js-1.0.2.tgz",
      "integrity": "sha512-00y/AXhx0/SsnI51fTc0rLRmafiGOM4/O+ny10Ps7f+j/b8p/ZY11ytMgznXkOVo4GQ+KwQG5UQLkLGirsACRg=="
    }
  }
}
